
Microsoft Visual Studio Solution File, Format Version 12.00
# Visual Studio Version 16
VisualStudioVersion = 16.0.29806.167
MinimumVisualStudioVersion = 10.0.40219.1
Project("{9A19103F-16F7-4668-BE54-9A1E7A4F7556}") = "MyCMS", "MyCMS\MyCMS.csproj", "{60C01E44-8B03-4EAE-8D0F-D51C0DEB8BA5}"
EndProject
Project("{9A19103F-16F7-4668-BE54-9A1E7A4F7556}") = "MyBlog", "MyBlog\MyBlog.csproj", "{ED827F7B-CB5D-459C-BF34-3251CDC487E4}"
EndProject
Project("{9A19103F-16F7-4668-BE54-9A1E7A4F7556}") = "Camefor.IServices", "Camefor.IServices\Camefor.IServices.csproj", "{064BC731-3FBC-4015-B4C3-37BFCFD3A2B1}"
EndProject
Project("{9A19103F-16F7-4668-BE54-9A1E7A4F7556}") = "Camefor.IRepository", "Camefor.IRepository\Camefor.IRepository.csproj", "{ACEAACDA-44F5-4054-AF78-CB10F7F54C0A}"
EndProject
Project("{9A19103F-16F7-4668-BE54-9A1E7A4F7556}") = "Camefor.Repository", "Camefor.Repository\Camefor.Repository.csproj", "{E7242511-25D5-4FD1-B20A-D8790A4F6100}"
EndProject
Project("{9A19103F-16F7-4668-BE54-9A1E7A4F7556}") = "Camefor.Services", "Camefor.Services\Camefor.Services.csproj", "{34AA6D22-E1C5-4A94-864D-AD36B62E6E1A}"
EndProject
Project("{9A19103F-16F7-4668-BE54-9A1E7A4F7556}") = "Interceptor", "Interceptor\Interceptor.csproj", "{28BD4D8D-DE83-40B7-94ED-F6875CD2C56F}"
EndProject
Project("{9A19103F-16F7-4668-BE54-9A1E7A4F7556}") = "Camefor.Model", "Camefor.Model\Camefor.Model.csproj", "{F12BB1EC-17BA-4282-8F9E-E9249489AED4}"
EndProject
Project("{9A19103F-16F7-4668-BE54-9A1E7A4F7556}") = "Blog.Core.Common", "Blog.Core.Common\Blog.Core.Common.csproj", "{FF0C1CF2-6B3F-4D5E-86F7-72CE40B3C25D}"
EndProject
Project("{2150E333-8FDC-42A3-9474-1A3956D46DE8}") = "Repo", "Repo", "{9A1A93BD-2D62-44E5-AE83-7704406FDF49}"
EndProject
Project("{2150E333-8FDC-42A3-9474-1A3956D46DE8}") = "Service", "Service", "{A5F2C4F7-8F3A-4DBA-B94C-EDCA6A3DBC47}"
EndProject
Project("{2150E333-8FDC-42A3-9474-1A3956D46DE8}") = "Model", "Model", "{F6C7054C-0C78-4515-978B-6B8AB6594AD1}"
EndProject
Project("{2150E333-8FDC-42A3-9474-1A3956D46DE8}") = "Infrastructure", "Infrastructure", "{323230E9-1968-424D-AA3D-9CEDCC09604A}"
EndProject
Global
	GlobalSection(SolutionConfigurationPlatforms) = preSolution
		Debug|Any CPU = Debug|Any CPU
		Release|Any CPU = Release|Any CPU
	EndGlobalSection
	GlobalSection(ProjectConfigurationPlatforms) = postSolution
		{60C01E44-8B03-4EAE-8D0F-D51C0DEB8BA5}.Debug|Any CPU.ActiveCfg = Debug|Any CPU
		{60C01E44-8B03-4EAE-8D0F-D51C0DEB8BA5}.Debug|Any CPU.Build.0 = Debug|Any CPU
		{60C01E44-8B03-4EAE-8D0F-D51C0DEB8BA5}.Release|Any CPU.ActiveCfg = Release|Any CPU
		{60C01E44-8B03-4EAE-8D0F-D51C0DEB8BA5}.Release|Any CPU.Build.0 = Release|Any CPU
		{ED827F7B-CB5D-459C-BF34-3251CDC487E4}.Debug|Any CPU.ActiveCfg = Debug|Any CPU
		{ED827F7B-CB5D-459C-BF34-3251CDC487E4}.Debug|Any CPU.Build.0 = Debug|Any CPU
		{ED827F7B-CB5D-459C-BF34-3251CDC487E4}.Release|Any CPU.ActiveCfg = Release|Any CPU
		{ED827F7B-CB5D-459C-BF34-3251CDC487E4}.Release|Any CPU.Build.0 = Release|Any CPU
		{064BC731-3FBC-4015-B4C3-37BFCFD3A2B1}.Debug|Any CPU.ActiveCfg = Debug|Any CPU
		{064BC731-3FBC-4015-B4C3-37BFCFD3A2B1}.Debug|Any CPU.Build.0 = Debug|Any CPU
		{064BC731-3FBC-4015-B4C3-37BFCFD3A2B1}.Release|Any CPU.ActiveCfg = Release|Any CPU
		{064BC731-3FBC-4015-B4C3-37BFCFD3A2B1}.Release|Any CPU.Build.0 = Release|Any CPU
		{ACEAACDA-44F5-4054-AF78-CB10F7F54C0A}.Debug|Any CPU.ActiveCfg = Debug|Any CPU
		{ACEAACDA-44F5-4054-AF78-CB10F7F54C0A}.Debug|Any CPU.Build.0 = Debug|Any CPU
		{ACEAACDA-44F5-4054-AF78-CB10F7F54C0A}.Release|Any CPU.ActiveCfg = Release|Any CPU
		{ACEAACDA-44F5-4054-AF78-CB10F7F54C0A}.Release|Any CPU.Build.0 = Release|Any CPU
		{E7242511-25D5-4FD1-B20A-D8790A4F6100}.Debug|Any CPU.ActiveCfg = Debug|Any CPU
		{E7242511-25D5-4FD1-B20A-D8790A4F6100}.Debug|Any CPU.Build.0 = Debug|Any CPU
		{E7242511-25D5-4FD1-B20A-D8790A4F6100}.Release|Any CPU.ActiveCfg = Release|Any CPU
		{E7242511-25D5-4FD1-B20A-D8790A4F6100}.Release|Any CPU.Build.0 = Release|Any CPU
		{34AA6D22-E1C5-4A94-864D-AD36B62E6E1A}.Debug|Any CPU.ActiveCfg = Debug|Any CPU
		{34AA6D22-E1C5-4A94-864D-AD36B62E6E1A}.Debug|Any CPU.Build.0 = Debug|Any CPU
		{34AA6D22-E1C5-4A94-864D-AD36B62E6E1A}.Release|Any CPU.ActiveCfg = Release|Any CPU
		{34AA6D22-E1C5-4A94-864D-AD36B62E6E1A}.Release|Any CPU.Build.0 = Release|Any CPU
		{28BD4D8D-DE83-40B7-94ED-F6875CD2C56F}.Debug|Any CPU.ActiveCfg = Debug|Any CPU
		{28BD4D8D-DE83-40B7-94ED-F6875CD2C56F}.Debug|Any CPU.Build.0 = Debug|Any CPU
		{28BD4D8D-DE83-40B7-94ED-F6875CD2C56F}.Release|Any CPU.ActiveCfg = Release|Any CPU
		{28BD4D8D-DE83-40B7-94ED-F6875CD2C56F}.Release|Any CPU.Build.0 = Release|Any CPU
		{F12BB1EC-17BA-4282-8F9E-E9249489AED4}.Debug|Any CPU.ActiveCfg = Debug|Any CPU
		{F12BB1EC-17BA-4282-8F9E-E9249489AED4}.Debug|Any CPU.Build.0 = Debug|Any CPU
		{F12BB1EC-17BA-4282-8F9E-E9249489AED4}.Release|Any CPU.ActiveCfg = Release|Any CPU
		{F12BB1EC-17BA-4282-8F9E-E9249489AED4}.Release|Any CPU.Build.0 = Release|Any CPU
		{FF0C1CF2-6B3F-4D5E-86F7-72CE40B3C25D}.Debug|Any CPU.ActiveCfg = Debug|Any CPU
		{FF0C1CF2-6B3F-4D5E-86F7-72CE40B3C25D}.Debug|Any CPU.Build.0 = Debug|Any CPU
		{FF0C1CF2-6B3F-4D5E-86F7-72CE40B3C25D}.Release|Any CPU.ActiveCfg = Release|Any CPU
		{FF0C1CF2-6B3F-4D5E-86F7-72CE40B3C25D}.Release|Any CPU.Build.0 = Release|Any CPU
	EndGlobalSection
	GlobalSection(SolutionProperties) = preSolution
		HideSolutionNode = FALSE
	EndGlobalSection
	GlobalSection(NestedProjects) = preSolution
		{064BC731-3FBC-4015-B4C3-37BFCFD3A2B1} = {A5F2C4F7-8F3A-4DBA-B94C-EDCA6A3DBC47}
		{ACEAACDA-44F5-4054-AF78-CB10F7F54C0A} = {9A1A93BD-2D62-44E5-AE83-7704406FDF49}
		{E7242511-25D5-4FD1-B20A-D8790A4F6100} = {9A1A93BD-2D62-44E5-AE83-7704406FDF49}
		{34AA6D22-E1C5-4A94-864D-AD36B62E6E1A} = {A5F2C4F7-8F3A-4DBA-B94C-EDCA6A3DBC47}
		{28BD4D8D-DE83-40B7-94ED-F6875CD2C56F} = {323230E9-1968-424D-AA3D-9CEDCC09604A}
		{F12BB1EC-17BA-4282-8F9E-E9249489AED4} = {F6C7054C-0C78-4515-978B-6B8AB6594AD1}
		{FF0C1CF2-6B3F-4D5E-86F7-72CE40B3C25D} = {323230E9-1968-424D-AA3D-9CEDCC09604A}
	EndGlobalSection
	GlobalSection(ExtensibilityGlobals) = postSolution
		SolutionGuid = {F687EED3-6AF0-4BC7-9DA8-85463870F6BA}
	EndGlobalSection
EndGlobal
